
Microsoft Visual Studio Solution File, Format Version 12.00
# Visual Studio Version 17
VisualStudioVersion = 17.9.34728.123
MinimumVisualStudioVersion = 10.0.40219.1
Project("{FAE04EC0-301F-11D3-BF4B-00C04F79EFBC}") = "GatekeeperInfinityEditor", "GatekeeperInfinityEditor\GatekeeperInfinityEditor.csproj", "{526B877A-B43D-45E8-945C-DE49BFC00AD7}"
EndProject
Global
	GlobalSection(SolutionConfigurationPlatforms) = preSolution
		Debug|Any CPU = Debug|Any CPU
		Release|Any CPU = Release|Any CPU
	EndGlobalSection
	GlobalSection(ProjectConfigurationPlatforms) = postSolution
		{526B877A-B43D-45E8-945C-DE49BFC00AD7}.Debug|Any CPU.ActiveCfg = Debug|Any CPU
		{526B877A-B43D-45E8-945C-DE49BFC00AD7}.Debug|Any CPU.Build.0 = Debug|Any CPU
		{526B877A-B43D-45E8-945C-DE49BFC00AD7}.Release|Any CPU.ActiveCfg = Release|Any CPU
		{526B877A-B43D-45E8-945C-DE49BFC00AD7}.Release|Any CPU.Build.0 = Release|Any CPU
	EndGlobalSection
	GlobalSection(SolutionProperties) = preSolution
		HideSolutionNode = FALSE
	EndGlobalSection
	GlobalSection(ExtensibilityGlobals) = postSolution
		SolutionGuid = {46C42950-190E-489E-A613-80C00A82A76E}
	EndGlobalSection
EndGlobal
